
Microsoft Visual Studio Solution File, Format Version 12.00
# Visual Studio Version 16
VisualStudioVersion = 16.0.29613.14
MinimumVisualStudioVersion = 10.0.40219.1
Project("{FAE04EC0-301F-11D3-BF4B-00C04F79EFBC}") = "CommonUtils", "..\CommonUtils-dot-net\CommonUtils\CommonUtils.csproj", "{173BA26B-AF8C-4949-A7CE-1E832296ADFE}"
EndProject
Project("{FAE04EC0-301F-11D3-BF4B-00C04F79EFBC}") = "TortoiseNotPushedIconOverlayHandler", "TortoiseNotPushedIconOverlayHandler\TortoiseNotPushedIconOverlayHandler.csproj", "{564C8B20-72D1-4548-B37F-8341C060B464}"
EndProject
Project("{FAE04EC0-301F-11D3-BF4B-00C04F79EFBC}") = "TortoiseNotPushedIconOverlayor", "TortoiseNotPushedIconOverlayor\TortoiseNotPushedIconOverlayor.csproj", "{844C3B26-92E9-4D81-BCC2-275FB017686C}"
EndProject
Global
	GlobalSection(SolutionConfigurationPlatforms) = preSolution
		Debug|Any CPU = Debug|Any CPU
		Release|Any CPU = Release|Any CPU
		Test|Any CPU = Test|Any CPU
	EndGlobalSection
	GlobalSection(ProjectConfigurationPlatforms) = postSolution
		{173BA26B-AF8C-4949-A7CE-1E832296ADFE}.Debug|Any CPU.ActiveCfg = Debug|Any CPU
		{173BA26B-AF8C-4949-A7CE-1E832296ADFE}.Debug|Any CPU.Build.0 = Debug|Any CPU
		{173BA26B-AF8C-4949-A7CE-1E832296ADFE}.Release|Any CPU.ActiveCfg = Release|Any CPU
		{173BA26B-AF8C-4949-A7CE-1E832296ADFE}.Release|Any CPU.Build.0 = Release|Any CPU
		{173BA26B-AF8C-4949-A7CE-1E832296ADFE}.Test|Any CPU.ActiveCfg = Test|Any CPU
		{173BA26B-AF8C-4949-A7CE-1E832296ADFE}.Test|Any CPU.Build.0 = Test|Any CPU
		{564C8B20-72D1-4548-B37F-8341C060B464}.Debug|Any CPU.ActiveCfg = Debug|Any CPU
		{564C8B20-72D1-4548-B37F-8341C060B464}.Debug|Any CPU.Build.0 = Debug|Any CPU
		{564C8B20-72D1-4548-B37F-8341C060B464}.Release|Any CPU.ActiveCfg = Release|Any CPU
		{564C8B20-72D1-4548-B37F-8341C060B464}.Release|Any CPU.Build.0 = Release|Any CPU
		{564C8B20-72D1-4548-B37F-8341C060B464}.Test|Any CPU.ActiveCfg = Release|Any CPU
		{564C8B20-72D1-4548-B37F-8341C060B464}.Test|Any CPU.Build.0 = Release|Any CPU
		{844C3B26-92E9-4D81-BCC2-275FB017686C}.Debug|Any CPU.ActiveCfg = Debug|Any CPU
		{844C3B26-92E9-4D81-BCC2-275FB017686C}.Debug|Any CPU.Build.0 = Debug|Any CPU
		{844C3B26-92E9-4D81-BCC2-275FB017686C}.Release|Any CPU.ActiveCfg = Release|Any CPU
		{844C3B26-92E9-4D81-BCC2-275FB017686C}.Release|Any CPU.Build.0 = Release|Any CPU
		{844C3B26-92E9-4D81-BCC2-275FB017686C}.Test|Any CPU.ActiveCfg = Release|Any CPU
		{844C3B26-92E9-4D81-BCC2-275FB017686C}.Test|Any CPU.Build.0 = Release|Any CPU
	EndGlobalSection
	GlobalSection(SolutionProperties) = preSolution
		HideSolutionNode = FALSE
	EndGlobalSection
	GlobalSection(ExtensibilityGlobals) = postSolution
		SolutionGuid = {F11D386D-E87C-42BE-BF5E-DC10BA74C12F}
	EndGlobalSection
EndGlobal
