
Microsoft Visual Studio Solution File, Format Version 12.00
# Visual Studio Version 16
VisualStudioVersion = 16.0.29613.14
MinimumVisualStudioVersion = 10.0.40219.1
Project("{FAE04EC0-301F-11D3-BF4B-00C04F79EFBC}") = "CommonUtils", "..\CommonUtils-dot-net\CommonUtils\CommonUtils.csproj", "{173BA26B-AF8C-4949-A7CE-1E832296ADFE}"
EndProject
Project("{FAE04EC0-301F-11D3-BF4B-00C04F79EFBC}") = "TortoiseNotPushedIconOverlayor", "TortoiseNotPushedIconOverlayor\TortoiseNotPushedIconOverlayor.csproj", "{59AF0E86-6EF0-4B05-92D3-9CE4732DAA1C}"
EndProject
Global
	GlobalSection(SolutionConfigurationPlatforms) = preSolution
		Debug|Any CPU = Debug|Any CPU
		Release|Any CPU = Release|Any CPU
		Test|Any CPU = Test|Any CPU
	EndGlobalSection
	GlobalSection(ProjectConfigurationPlatforms) = postSolution
		{173BA26B-AF8C-4949-A7CE-1E832296ADFE}.Debug|Any CPU.ActiveCfg = Debug|Any CPU
		{173BA26B-AF8C-4949-A7CE-1E832296ADFE}.Debug|Any CPU.Build.0 = Debug|Any CPU
		{173BA26B-AF8C-4949-A7CE-1E832296ADFE}.Release|Any CPU.ActiveCfg = Release|Any CPU
		{173BA26B-AF8C-4949-A7CE-1E832296ADFE}.Release|Any CPU.Build.0 = Release|Any CPU
		{173BA26B-AF8C-4949-A7CE-1E832296ADFE}.Test|Any CPU.ActiveCfg = Test|Any CPU
		{173BA26B-AF8C-4949-A7CE-1E832296ADFE}.Test|Any CPU.Build.0 = Test|Any CPU
		{59AF0E86-6EF0-4B05-92D3-9CE4732DAA1C}.Debug|Any CPU.ActiveCfg = Debug|Any CPU
		{59AF0E86-6EF0-4B05-92D3-9CE4732DAA1C}.Debug|Any CPU.Build.0 = Debug|Any CPU
		{59AF0E86-6EF0-4B05-92D3-9CE4732DAA1C}.Release|Any CPU.ActiveCfg = Release|Any CPU
		{59AF0E86-6EF0-4B05-92D3-9CE4732DAA1C}.Release|Any CPU.Build.0 = Release|Any CPU
		{59AF0E86-6EF0-4B05-92D3-9CE4732DAA1C}.Test|Any CPU.ActiveCfg = Release|Any CPU
		{59AF0E86-6EF0-4B05-92D3-9CE4732DAA1C}.Test|Any CPU.Build.0 = Release|Any CPU
	EndGlobalSection
	GlobalSection(SolutionProperties) = preSolution
		HideSolutionNode = FALSE
	EndGlobalSection
	GlobalSection(ExtensibilityGlobals) = postSolution
		SolutionGuid = {F11D386D-E87C-42BE-BF5E-DC10BA74C12F}
	EndGlobalSection
EndGlobal
