
Microsoft Visual Studio Solution File, Format Version 12.00
# Visual Studio Version 16
VisualStudioVersion = 16.0.29613.14
MinimumVisualStudioVersion = 10.0.40219.1
Project("{FAE04EC0-301F-11D3-BF4B-00C04F79EFBC}") = "WindowsService-TortoiseShell", "WindowsService-TortoiseShell\WindowsService-TortoiseShell.csproj", "{544786BB-A54D-463E-8E06-DE5B0F6449D2}"
EndProject
Project("{FAE04EC0-301F-11D3-BF4B-00C04F79EFBC}") = "ConsoleApp-TortoiseShell", "ConsoleApp-TortoiseShell\ConsoleApp-TortoiseShell.csproj", "{6E5D87E7-0537-4EC9-8A6D-3403B3E894E0}"
EndProject
Project("{FAE04EC0-301F-11D3-BF4B-00C04F79EFBC}") = "ClassLibrary-TortoiseShell", "ClassLibrary-TortoiseShell\ClassLibrary-TortoiseShell.csproj", "{EFC8E11A-B2E8-4AB1-B5BD-493B10CBAC7B}"
EndProject
Project("{FAE04EC0-301F-11D3-BF4B-00C04F79EFBC}") = "CommonUtils", "..\CommonUtils-dot-net\CommonUtils\CommonUtils.csproj", "{173BA26B-AF8C-4949-A7CE-1E832296ADFE}"
EndProject
Global
	GlobalSection(SolutionConfigurationPlatforms) = preSolution
		Debug|Any CPU = Debug|Any CPU
		Release|Any CPU = Release|Any CPU
		Test|Any CPU = Test|Any CPU
	EndGlobalSection
	GlobalSection(ProjectConfigurationPlatforms) = postSolution
		{544786BB-A54D-463E-8E06-DE5B0F6449D2}.Debug|Any CPU.ActiveCfg = Debug|Any CPU
		{544786BB-A54D-463E-8E06-DE5B0F6449D2}.Debug|Any CPU.Build.0 = Debug|Any CPU
		{544786BB-A54D-463E-8E06-DE5B0F6449D2}.Release|Any CPU.ActiveCfg = Release|Any CPU
		{544786BB-A54D-463E-8E06-DE5B0F6449D2}.Release|Any CPU.Build.0 = Release|Any CPU
		{544786BB-A54D-463E-8E06-DE5B0F6449D2}.Test|Any CPU.ActiveCfg = Release|Any CPU
		{544786BB-A54D-463E-8E06-DE5B0F6449D2}.Test|Any CPU.Build.0 = Release|Any CPU
		{6E5D87E7-0537-4EC9-8A6D-3403B3E894E0}.Debug|Any CPU.ActiveCfg = Debug|Any CPU
		{6E5D87E7-0537-4EC9-8A6D-3403B3E894E0}.Debug|Any CPU.Build.0 = Debug|Any CPU
		{6E5D87E7-0537-4EC9-8A6D-3403B3E894E0}.Release|Any CPU.ActiveCfg = Release|Any CPU
		{6E5D87E7-0537-4EC9-8A6D-3403B3E894E0}.Release|Any CPU.Build.0 = Release|Any CPU
		{6E5D87E7-0537-4EC9-8A6D-3403B3E894E0}.Test|Any CPU.ActiveCfg = Release|Any CPU
		{6E5D87E7-0537-4EC9-8A6D-3403B3E894E0}.Test|Any CPU.Build.0 = Release|Any CPU
		{EFC8E11A-B2E8-4AB1-B5BD-493B10CBAC7B}.Debug|Any CPU.ActiveCfg = Debug|Any CPU
		{EFC8E11A-B2E8-4AB1-B5BD-493B10CBAC7B}.Debug|Any CPU.Build.0 = Debug|Any CPU
		{EFC8E11A-B2E8-4AB1-B5BD-493B10CBAC7B}.Release|Any CPU.ActiveCfg = Release|Any CPU
		{EFC8E11A-B2E8-4AB1-B5BD-493B10CBAC7B}.Release|Any CPU.Build.0 = Release|Any CPU
		{EFC8E11A-B2E8-4AB1-B5BD-493B10CBAC7B}.Test|Any CPU.ActiveCfg = Release|Any CPU
		{EFC8E11A-B2E8-4AB1-B5BD-493B10CBAC7B}.Test|Any CPU.Build.0 = Release|Any CPU
		{173BA26B-AF8C-4949-A7CE-1E832296ADFE}.Debug|Any CPU.ActiveCfg = Debug|Any CPU
		{173BA26B-AF8C-4949-A7CE-1E832296ADFE}.Debug|Any CPU.Build.0 = Debug|Any CPU
		{173BA26B-AF8C-4949-A7CE-1E832296ADFE}.Release|Any CPU.ActiveCfg = Release|Any CPU
		{173BA26B-AF8C-4949-A7CE-1E832296ADFE}.Release|Any CPU.Build.0 = Release|Any CPU
		{173BA26B-AF8C-4949-A7CE-1E832296ADFE}.Test|Any CPU.ActiveCfg = Test|Any CPU
		{173BA26B-AF8C-4949-A7CE-1E832296ADFE}.Test|Any CPU.Build.0 = Test|Any CPU
	EndGlobalSection
	GlobalSection(SolutionProperties) = preSolution
		HideSolutionNode = FALSE
	EndGlobalSection
	GlobalSection(ExtensibilityGlobals) = postSolution
		SolutionGuid = {F11D386D-E87C-42BE-BF5E-DC10BA74C12F}
	EndGlobalSection
EndGlobal
